
Microsoft Visual Studio Solution File, Format Version 12.00
# Visual Studio Version 17
VisualStudioVersion = 17.0.31903.59
MinimumVisualStudioVersion = 10.0.40219.1
Project("{FAE04EC0-301F-11D3-BF4B-00C04F79EFBC}") = "API", "API\API.csproj", "{3A9C96F5-B8A4-4F94-9553-4DBD59BD7994}"
EndProject
Project("{FAE04EC0-301F-11D3-BF4B-00C04F79EFBC}") = "Core", "Core\Core.csproj", "{4DF0C791-7979-47F1-AEF5-E02D2CAAD3DC}"
EndProject
Project("{FAE04EC0-301F-11D3-BF4B-00C04F79EFBC}") = "Infrastructure", "Infrastructure\Infrastructure.csproj", "{FA8E161F-21B9-4C39-8D1F-44C4C1988170}"
EndProject
Global
	GlobalSection(SolutionConfigurationPlatforms) = preSolution
		Debug|Any CPU = Debug|Any CPU
		Release|Any CPU = Release|Any CPU
	EndGlobalSection
	GlobalSection(SolutionProperties) = preSolution
		HideSolutionNode = FALSE
	EndGlobalSection
	GlobalSection(ProjectConfigurationPlatforms) = postSolution
		{3A9C96F5-B8A4-4F94-9553-4DBD59BD7994}.Debug|Any CPU.ActiveCfg = Debug|Any CPU
		{3A9C96F5-B8A4-4F94-9553-4DBD59BD7994}.Debug|Any CPU.Build.0 = Debug|Any CPU
		{3A9C96F5-B8A4-4F94-9553-4DBD59BD7994}.Release|Any CPU.ActiveCfg = Release|Any CPU
		{3A9C96F5-B8A4-4F94-9553-4DBD59BD7994}.Release|Any CPU.Build.0 = Release|Any CPU
		{4DF0C791-7979-47F1-AEF5-E02D2CAAD3DC}.Debug|Any CPU.ActiveCfg = Debug|Any CPU
		{4DF0C791-7979-47F1-AEF5-E02D2CAAD3DC}.Debug|Any CPU.Build.0 = Debug|Any CPU
		{4DF0C791-7979-47F1-AEF5-E02D2CAAD3DC}.Release|Any CPU.ActiveCfg = Release|Any CPU
		{4DF0C791-7979-47F1-AEF5-E02D2CAAD3DC}.Release|Any CPU.Build.0 = Release|Any CPU
		{FA8E161F-21B9-4C39-8D1F-44C4C1988170}.Debug|Any CPU.ActiveCfg = Debug|Any CPU
		{FA8E161F-21B9-4C39-8D1F-44C4C1988170}.Debug|Any CPU.Build.0 = Debug|Any CPU
		{FA8E161F-21B9-4C39-8D1F-44C4C1988170}.Release|Any CPU.ActiveCfg = Release|Any CPU
		{FA8E161F-21B9-4C39-8D1F-44C4C1988170}.Release|Any CPU.Build.0 = Release|Any CPU
	EndGlobalSection
EndGlobal
